
Microsoft Visual Studio Solution File, Format Version 12.00
Project("{2150E333-8FDC-42A3-9474-1A3956D46DE8}") = "tests", "tests", "{18823A84-CE05-4917-9A2D-14263C379908}"
EndProject
Project("{FAE04EC0-301F-11D3-BF4B-00C04F79EFBC}") = "LegacyRoller.UnitTests", "tests\LegacyRoller.UnitTests\LegacyRoller.UnitTests.csproj", "{ED214D5A-EFAA-4A30-B6C1-7555475CAA73}"
EndProject
Project("{2150E333-8FDC-42A3-9474-1A3956D46DE8}") = "src", "src", "{026A8ECA-C210-42CC-A7A7-BB6669C294B1}"
EndProject
Project("{FAE04EC0-301F-11D3-BF4B-00C04F79EFBC}") = "LegacyRoller", "src\LegacyRoller\LegacyRoller.csproj", "{A7F27EFA-173B-47A8-8ADD-02C6FC826451}"
EndProject
Project("{FAE04EC0-301F-11D3-BF4B-00C04F79EFBC}") = "LegacyRoller.Benchmarks", "tests\LegacyRoller.Benchmarks\LegacyRoller.Benchmarks.csproj", "{90772C20-8AB8-4E4C-9E92-2FD23D0C90B3}"
EndProject
Global
	GlobalSection(SolutionConfigurationPlatforms) = preSolution
		Debug|Any CPU = Debug|Any CPU
		Release|Any CPU = Release|Any CPU
	EndGlobalSection
	GlobalSection(NestedProjects) = preSolution
		{ED214D5A-EFAA-4A30-B6C1-7555475CAA73} = {18823A84-CE05-4917-9A2D-14263C379908}
		{A7F27EFA-173B-47A8-8ADD-02C6FC826451} = {026A8ECA-C210-42CC-A7A7-BB6669C294B1}
		{90772C20-8AB8-4E4C-9E92-2FD23D0C90B3} = {18823A84-CE05-4917-9A2D-14263C379908}
	EndGlobalSection
	GlobalSection(ProjectConfigurationPlatforms) = postSolution
		{ED214D5A-EFAA-4A30-B6C1-7555475CAA73}.Debug|Any CPU.ActiveCfg = Debug|Any CPU
		{ED214D5A-EFAA-4A30-B6C1-7555475CAA73}.Debug|Any CPU.Build.0 = Debug|Any CPU
		{ED214D5A-EFAA-4A30-B6C1-7555475CAA73}.Release|Any CPU.ActiveCfg = Release|Any CPU
		{ED214D5A-EFAA-4A30-B6C1-7555475CAA73}.Release|Any CPU.Build.0 = Release|Any CPU
		{A7F27EFA-173B-47A8-8ADD-02C6FC826451}.Debug|Any CPU.ActiveCfg = Debug|Any CPU
		{A7F27EFA-173B-47A8-8ADD-02C6FC826451}.Debug|Any CPU.Build.0 = Debug|Any CPU
		{A7F27EFA-173B-47A8-8ADD-02C6FC826451}.Release|Any CPU.ActiveCfg = Release|Any CPU
		{A7F27EFA-173B-47A8-8ADD-02C6FC826451}.Release|Any CPU.Build.0 = Release|Any CPU
		{90772C20-8AB8-4E4C-9E92-2FD23D0C90B3}.Debug|Any CPU.ActiveCfg = Debug|Any CPU
		{90772C20-8AB8-4E4C-9E92-2FD23D0C90B3}.Debug|Any CPU.Build.0 = Debug|Any CPU
		{90772C20-8AB8-4E4C-9E92-2FD23D0C90B3}.Release|Any CPU.ActiveCfg = Release|Any CPU
		{90772C20-8AB8-4E4C-9E92-2FD23D0C90B3}.Release|Any CPU.Build.0 = Release|Any CPU
	EndGlobalSection
EndGlobal
